
Microsoft Visual Studio Solution File, Format Version 12.00
# Visual Studio 15
VisualStudioVersion = 15.0.28307.2017
MinimumVisualStudioVersion = 10.0.40219.1
Project("{F184B08F-C81C-45F6-A57F-5ABD9991F28F}") = "Home Down Payment", "Home Down Payment\Home Down Payment.vbproj", "{C9CE2192-7824-4A6E-90BF-59FE99CBDF6B}"
EndProject
Global
	GlobalSection(SolutionConfigurationPlatforms) = preSolution
		Debug|Any CPU = Debug|Any CPU
		Release|Any CPU = Release|Any CPU
	EndGlobalSection
	GlobalSection(ProjectConfigurationPlatforms) = postSolution
		{C9CE2192-7824-4A6E-90BF-59FE99CBDF6B}.Debug|Any CPU.ActiveCfg = Debug|Any CPU
		{C9CE2192-7824-4A6E-90BF-59FE99CBDF6B}.Debug|Any CPU.Build.0 = Debug|Any CPU
		{C9CE2192-7824-4A6E-90BF-59FE99CBDF6B}.Release|Any CPU.ActiveCfg = Release|Any CPU
		{C9CE2192-7824-4A6E-90BF-59FE99CBDF6B}.Release|Any CPU.Build.0 = Release|Any CPU
	EndGlobalSection
	GlobalSection(SolutionProperties) = preSolution
		HideSolutionNode = FALSE
	EndGlobalSection
	GlobalSection(ExtensibilityGlobals) = postSolution
		SolutionGuid = {578D4946-049B-48A7-B3FB-19E94A2DAF3F}
	EndGlobalSection
EndGlobal
